
Microsoft Visual Studio Solution File, Format Version 12.00
# Visual Studio Version 16
VisualStudioVersion = 16.0.30517.126
MinimumVisualStudioVersion = 10.0.40219.1
Project("{FAE04EC0-301F-11D3-BF4B-00C04F79EFBC}") = "AreaOfACircleStudio2-6", "AreaOfACircleStudio2-6\AreaOfACircleStudio2-6.csproj", "{67E89308-71D8-4895-A169-204D91B6E176}"
EndProject
Global
	GlobalSection(SolutionConfigurationPlatforms) = preSolution
		Debug|Any CPU = Debug|Any CPU
		Release|Any CPU = Release|Any CPU
	EndGlobalSection
	GlobalSection(ProjectConfigurationPlatforms) = postSolution
		{67E89308-71D8-4895-A169-204D91B6E176}.Debug|Any CPU.ActiveCfg = Debug|Any CPU
		{67E89308-71D8-4895-A169-204D91B6E176}.Debug|Any CPU.Build.0 = Debug|Any CPU
		{67E89308-71D8-4895-A169-204D91B6E176}.Release|Any CPU.ActiveCfg = Release|Any CPU
		{67E89308-71D8-4895-A169-204D91B6E176}.Release|Any CPU.Build.0 = Release|Any CPU
	EndGlobalSection
	GlobalSection(SolutionProperties) = preSolution
		HideSolutionNode = FALSE
	EndGlobalSection
	GlobalSection(ExtensibilityGlobals) = postSolution
		SolutionGuid = {6BA61068-2643-4E79-80E1-396542F8F9A1}
	EndGlobalSection
EndGlobal
